// !$*UTF8*$!
{
	archiveVersion = 1;
	classes = {
	};
	objectVersion = 56;
	objects = {

/* Begin PBXBuildFile section */
		7AC4DDE82B85A9EA0058E38B /* AppDelegate.swift in Sources */ = {isa = PBXBuildFile; fileRef = 7AC4DDE72B85A9EA0058E38B /* AppDelegate.swift */; };
		7AC4DDEA2B85A9EA0058E38B /* SceneDelegate.swift in Sources */ = {isa = PBXBuildFile; fileRef = 7AC4DDE92B85A9EA0058E38B /* SceneDelegate.swift */; };
		7AC4DDEC2B85A9EA0058E38B /* ViewController.swift in Sources */ = {isa = PBXBuildFile; fileRef = 7AC4DDEB2B85A9EA0058E38B /* ViewController.swift */; };
		7AC4DDEF2B85A9EA0058E38B /* Main.storyboard in Resources */ = {isa = PBXBuildFile; fileRef = 7AC4DDED2B85A9EA0058E38B /* Main.storyboard */; };
		7AC4DDF12B85A9EB0058E38B /* Assets.xcassets in Resources */ = {isa = PBXBuildFile; fileRef = 7AC4DDF02B85A9EB0058E38B /* Assets.xcassets */; };
		7AC4DDF42B85A9EB0058E38B /* LaunchScreen.storyboard in Resources */ = {isa = PBXBuildFile; fileRef = 7AC4DDF22B85A9EB0058E38B /* LaunchScreen.storyboard */; };
		7AC4DDFF2B85A9EC0058E38B /* Test_sentryTests.swift in Sources */ = {isa = PBXBuildFile; fileRef = 7AC4DDFE2B85A9EC0058E38B /* Test_sentryTests.swift */; };
		7AC4DE092B85A9EC0058E38B /* Test_sentryUITests.swift in Sources */ = {isa = PBXBuildFile; fileRef = 7AC4DE082B85A9EC0058E38B /* Test_sentryUITests.swift */; };
		7AC4DE0B2B85A9EC0058E38B /* Test_sentryUITestsLaunchTests.swift in Sources */ = {isa = PBXBuildFile; fileRef = 7AC4DE0A2B85A9EC0058E38B /* Test_sentryUITestsLaunchTests.swift */; };
/* End PBXBuildFile section */

/* Begin PBXContainerItemProxy section */
		7AC4DDFB2B85A9EC0058E38B /* PBXContainerItemProxy */ = {
			isa = PBXContainerItemProxy;
			containerPortal = 7AC4DDDC2B85A9EA0058E38B /* Project object */;
			proxyType = 1;
			remoteGlobalIDString = 7AC4DDE32B85A9EA0058E38B;
			remoteInfo = "Test sentry";
		};
		7AC4DE052B85A9EC0058E38B /* PBXContainerItemProxy */ = {
			isa = PBXContainerItemProxy;
			containerPortal = 7AC4DDDC2B85A9EA0058E38B /* Project object */;
			proxyType = 1;
			remoteGlobalIDString = 7AC4DDE32B85A9EA0058E38B;
			remoteInfo = "Test sentry";
		};
/* End PBXContainerItemProxy section */

/* Begin PBXFileReference section */
		7AC4DDE42B85A9EA0058E38B /* Test sentry.app */ = {isa = PBXFileReference; explicitFileType = wrapper.application; includeInIndex = 0; path = "Test sentry.app"; sourceTree = BUILT_PRODUCTS_DIR; };
		7AC4DDE72B85A9EA0058E38B /* AppDelegate.swift */ = {isa = PBXFileReference; lastKnownFileType = sourcecode.swift; path = AppDelegate.swift; sourceTree = "<group>"; };
		7AC4DDE92B85A9EA0058E38B /* SceneDelegate.swift */ = {isa = PBXFileReference; lastKnownFileType = sourcecode.swift; path = SceneDelegate.swift; sourceTree = "<group>"; };
		7AC4DDEB2B85A9EA0058E38B /* ViewController.swift */ = {isa = PBXFileReference; lastKnownFileType = sourcecode.swift; path = ViewController.swift; sourceTree = "<group>"; };
		7AC4DDEE2B85A9EA0058E38B /* Base */ = {isa = PBXFileReference; lastKnownFileType = file.storyboard; name = Base; path = Base.lproj/Main.storyboard; sourceTree = "<group>"; };
		7AC4DDF02B85A9EB0058E38B /* Assets.xcassets */ = {isa = PBXFileReference; lastKnownFileType = folder.assetcatalog; path = Assets.xcassets; sourceTree = "<group>"; };
		7AC4DDF32B85A9EB0058E38B /* Base */ = {isa = PBXFileReference; lastKnownFileType = file.storyboard; name = Base; path = Base.lproj/LaunchScreen.storyboard; sourceTree = "<group>"; };
		7AC4DDF52B85A9EB0058E38B /* Info.plist */ = {isa = PBXFileReference; lastKnownFileType = text.plist.xml; path = Info.plist; sourceTree = "<group>"; };
		7AC4DDFA2B85A9EC0058E38B /* Test sentryTests.xctest */ = {isa = PBXFileReference; explicitFileType = wrapper.cfbundle; includeInIndex = 0; path = "Test sentryTests.xctest"; sourceTree = BUILT_PRODUCTS_DIR; };
		7AC4DDFE2B85A9EC0058E38B /* Test_sentryTests.swift */ = {isa = PBXFileReference; lastKnownFileType = sourcecode.swift; path = Test_sentryTests.swift; sourceTree = "<group>"; };
		7AC4DE042B85A9EC0058E38B /* Test sentryUITests.xctest */ = {isa = PBXFileReference; explicitFileType = wrapper.cfbundle; includeInIndex = 0; path = "Test sentryUITests.xctest"; sourceTree = BUILT_PRODUCTS_DIR; };
		7AC4DE082B85A9EC0058E38B /* Test_sentryUITests.swift */ = {isa = PBXFileReference; lastKnownFileType = sourcecode.swift; path = Test_sentryUITests.swift; sourceTree = "<group>"; };
		7AC4DE0A2B85A9EC0058E38B /* Test_sentryUITestsLaunchTests.swift */ = {isa = PBXFileReference; lastKnownFileType = sourcecode.swift; path = Test_sentryUITestsLaunchTests.swift; sourceTree = "<group>"; };
/* End PBXFileReference section */

/* Begin PBXFrameworksBuildPhase section */
		7AC4DDE12B85A9EA0058E38B /* Frameworks */ = {
			isa = PBXFrameworksBuildPhase;
			buildActionMask = 2147483647;
			files = (
			);
			runOnlyForDeploymentPostprocessing = 0;
		};
		7AC4DDF72B85A9EC0058E38B /* Frameworks */ = {
			isa = PBXFrameworksBuildPhase;
			buildActionMask = 2147483647;
			files = (
			);
			runOnlyForDeploymentPostprocessing = 0;
		};
		7AC4DE012B85A9EC0058E38B /* Frameworks */ = {
			isa = PBXFrameworksBuildPhase;
			buildActionMask = 2147483647;
			files = (
			);
			runOnlyForDeploymentPostprocessing = 0;
		};
/* End PBXFrameworksBuildPhase section */

/* Begin PBXGroup section */
		7AC4DDDB2B85A9EA0058E38B = {
			isa = PBXGroup;
			children = (
				7AC4DDE62B85A9EA0058E38B /* Test sentry */,
				7AC4DDFD2B85A9EC0058E38B /* Test sentryTests */,
				7AC4DE072B85A9EC0058E38B /* Test sentryUITests */,
				7AC4DDE52B85A9EA0058E38B /* Products */,
			);
			sourceTree = "<group>";
		};
		7AC4DDE52B85A9EA0058E38B /* Products */ = {
			isa = PBXGroup;
			children = (
				7AC4DDE42B85A9EA0058E38B /* Test sentry.app */,
				7AC4DDFA2B85A9EC0058E38B /* Test sentryTests.xctest */,
				7AC4DE042B85A9EC0058E38B /* Test sentryUITests.xctest */,
			);
			name = Products;
			sourceTree = "<group>";
		};
		7AC4DDE62B85A9EA0058E38B /* Test sentry */ = {
			isa = PBXGroup;
			children = (
				7AC4DDE72B85A9EA0058E38B /* AppDelegate.swift */,
				7AC4DDE92B85A9EA0058E38B /* SceneDelegate.swift */,
				7AC4DDEB2B85A9EA0058E38B /* ViewController.swift */,
				7AC4DDED2B85A9EA0058E38B /* Main.storyboard */,
				7AC4DDF02B85A9EB0058E38B /* Assets.xcassets */,
				7AC4DDF22B85A9EB0058E38B /* LaunchScreen.storyboard */,
				7AC4DDF52B85A9EB0058E38B /* Info.plist */,
			);
			path = "Test sentry";
			sourceTree = "<group>";
		};
		7AC4DDFD2B85A9EC0058E38B /* Test sentryTests */ = {
			isa = PBXGroup;
			children = (
				7AC4DDFE2B85A9EC0058E38B /* Test_sentryTests.swift */,
			);
			path = "Test sentryTests";
			sourceTree = "<group>";
		};
		7AC4DE072B85A9EC0058E38B /* Test sentryUITests */ = {
			isa = PBXGroup;
			children = (
				7AC4DE082B85A9EC0058E38B /* Test_sentryUITests.swift */,
				7AC4DE0A2B85A9EC0058E38B /* Test_sentryUITestsLaunchTests.swift */,
			);
			path = "Test sentryUITests";
			sourceTree = "<group>";
		};
/* End PBXGroup section */

/* Begin PBXNativeTarget section */
		7AC4DDE32B85A9EA0058E38B /* Test sentry */ = {
			isa = PBXNativeTarget;
			buildConfigurationList = 7AC4DE0E2B85A9EC0058E38B /* Build configuration list for PBXNativeTarget "Test sentry" */;
			buildPhases = (
				7AC4DDE02B85A9EA0058E38B /* Sources */,
				7AC4DDE12B85A9EA0058E38B /* Frameworks */,
				7AC4DDE22B85A9EA0058E38B /* Resources */,
			);
			buildRules = (
			);
			dependencies = (
			);
			name = "Test sentry";
			productName = "Test sentry";
			productReference = 7AC4DDE42B85A9EA0058E38B /* Test sentry.app */;
			productType = "com.apple.product-type.application";
		};
		7AC4DDF92B85A9EC0058E38B /* Test sentryTests */ = {
			isa = PBXNativeTarget;
			buildConfigurationList = 7AC4DE112B85A9EC0058E38B /* Build configuration list for PBXNativeTarget "Test sentryTests" */;
			buildPhases = (
				7AC4DDF62B85A9EC0058E38B /* Sources */,
				7AC4DDF72B85A9EC0058E38B /* Frameworks */,
				7AC4DDF82B85A9EC0058E38B /* Resources */,
			);
			buildRules = (
			);
			dependencies = (
				7AC4DDFC2B85A9EC0058E38B /* PBXTargetDependency */,
			);
			name = "Test sentryTests";
			productName = "Test sentryTests";
			productReference = 7AC4DDFA2B85A9EC0058E38B /* Test sentryTests.xctest */;
			productType = "com.apple.product-type.bundle.unit-test";
		};
		7AC4DE032B85A9EC0058E38B /* Test sentryUITests */ = {
			isa = PBXNativeTarget;
			buildConfigurationList = 7AC4DE142B85A9EC0058E38B /* Build configuration list for PBXNativeTarget "Test sentryUITests" */;
			buildPhases = (
				7AC4DE002B85A9EC0058E38B /* Sources */,
				7AC4DE012B85A9EC0058E38B /* Frameworks */,
				7AC4DE022B85A9EC0058E38B /* Resources */,
			);
			buildRules = (
			);
			dependencies = (
				7AC4DE062B85A9EC0058E38B /* PBXTargetDependency */,
			);
			name = "Test sentryUITests";
			productName = "Test sentryUITests";
			productReference = 7AC4DE042B85A9EC0058E38B /* Test sentryUITests.xctest */;
			productType = "com.apple.product-type.bundle.ui-testing";
		};
/* End PBXNativeTarget section */

/* Begin PBXProject section */
		7AC4DDDC2B85A9EA0058E38B /* Project object */ = {
			isa = PBXProject;
			attributes = {
				BuildIndependentTargetsInParallel = 1;
				LastSwiftUpdateCheck = 1520;
				LastUpgradeCheck = 1520;
				TargetAttributes = {
					7AC4DDE32B85A9EA0058E38B = {
						CreatedOnToolsVersion = 15.2;
					};
					7AC4DDF92B85A9EC0058E38B = {
						CreatedOnToolsVersion = 15.2;
						TestTargetID = 7AC4DDE32B85A9EA0058E38B;
					};
					7AC4DE032B85A9EC0058E38B = {
						CreatedOnToolsVersion = 15.2;
						TestTargetID = 7AC4DDE32B85A9EA0058E38B;
					};
				};
			};
			buildConfigurationList = 7AC4DDDF2B85A9EA0058E38B /* Build configuration list for PBXProject "Test sentry" */;
			compatibilityVersion = "Xcode 14.0";
			developmentRegion = en;
			hasScannedForEncodings = 0;
			knownRegions = (
				en,
				Base,
			);
			mainGroup = 7AC4DDDB2B85A9EA0058E38B;
			productRefGroup = 7AC4DDE52B85A9EA0058E38B /* Products */;
			projectDirPath = "";
			projectRoot = "";
			targets = (
				7AC4DDE32B85A9EA0058E38B /* Test sentry */,
				7AC4DDF92B85A9EC0058E38B /* Test sentryTests */,
				7AC4DE032B85A9EC0058E38B /* Test sentryUITests */,
			);
		};
/* End PBXProject section */

/* Begin PBXResourcesBuildPhase section */
		7AC4DDE22B85A9EA0058E38B /* Resources */ = {
			isa = PBXResourcesBuildPhase;
			buildActionMask = 2147483647;
			files = (
				7AC4DDF42B85A9EB0058E38B /* LaunchScreen.storyboard in Resources */,
				7AC4DDF12B85A9EB0058E38B /* Assets.xcassets in Resources */,
				7AC4DDEF2B85A9EA0058E38B /* Main.storyboard in Resources */,
			);
			runOnlyForDeploymentPostprocessing = 0;
		};
		7AC4DDF82B85A9EC0058E38B /* Resources */ = {
			isa = PBXResourcesBuildPhase;
			buildActionMask = 2147483647;
			files = (
			);
			runOnlyForDeploymentPostprocessing = 0;
		};
		7AC4DE022B85A9EC0058E38B /* Resources */ = {
			isa = PBXResourcesBuildPhase;
			buildActionMask = 2147483647;
			files = (
			);
			runOnlyForDeploymentPostprocessing = 0;
		};
/* End PBXResourcesBuildPhase section */

/* Begin PBXSourcesBuildPhase section */
		7AC4DDE02B85A9EA0058E38B /* Sources */ = {
			isa = PBXSourcesBuildPhase;
			buildActionMask = 2147483647;
			files = (
				7AC4DDEC2B85A9EA0058E38B /* ViewController.swift in Sources */,
				7AC4DDE82B85A9EA0058E38B /* AppDelegate.swift in Sources */,
				7AC4DDEA2B85A9EA0058E38B /* SceneDelegate.swift in Sources */,
			);
			runOnlyForDeploymentPostprocessing = 0;
		};
		7AC4DDF62B85A9EC0058E38B /* Sources */ = {
			isa = PBXSourcesBuildPhase;
			buildActionMask = 2147483647;
			files = (
				7AC4DDFF2B85A9EC0058E38B /* Test_sentryTests.swift in Sources */,
			);
			runOnlyForDeploymentPostprocessing = 0;
		};
		7AC4DE002B85A9EC0058E38B /* Sources */ = {
			isa = PBXSourcesBuildPhase;
			buildActionMask = 2147483647;
			files = (
				7AC4DE092B85A9EC0058E38B /* Test_sentryUITests.swift in Sources */,
				7AC4DE0B2B85A9EC0058E38B /* Test_sentryUITestsLaunchTests.swift in Sources */,
			);
			runOnlyForDeploymentPostprocessing = 0;
		};
/* End PBXSourcesBuildPhase section */

/* Begin PBXTargetDependency section */
		7AC4DDFC2B85A9EC0058E38B /* PBXTargetDependency */ = {
			isa = PBXTargetDependency;
			target = 7AC4DDE32B85A9EA0058E38B /* Test sentry */;
			targetProxy = 7AC4DDFB2B85A9EC0058E38B /* PBXContainerItemProxy */;
		};
		7AC4DE062B85A9EC0058E38B /* PBXTargetDependency */ = {
			isa = PBXTargetDependency;
			target = 7AC4DDE32B85A9EA0058E38B /* Test sentry */;
			targetProxy = 7AC4DE052B85A9EC0058E38B /* PBXContainerItemProxy */;
		};
/* End PBXTargetDependency section */

/* Begin PBXVariantGroup section */
		7AC4DDED2B85A9EA0058E38B /* Main.storyboard */ = {
			isa = PBXVariantGroup;
			children = (
				7AC4DDEE2B85A9EA0058E38B /* Base */,
			);
			name = Main.storyboard;
			sourceTree = "<group>";
		};
		7AC4DDF22B85A9EB0058E38B /* LaunchScreen.storyboard */ = {
			isa = PBXVariantGroup;
			children = (
				7AC4DDF32B85A9EB0058E38B /* Base */,
			);
			name = LaunchScreen.storyboard;
			sourceTree = "<group>";
		};
/* End PBXVariantGroup section */

/* Begin XCBuildConfiguration section */
		7AC4DE0C2B85A9EC0058E38B /* Debug */ = {
			isa = XCBuildConfiguration;
			buildSettings = {
				ALWAYS_SEARCH_USER_PATHS = NO;
				ASSETCATALOG_COMPILER_GENERATE_SWIFT_ASSET_SYMBOL_EXTENSIONS = YES;
				CLANG_ANALYZER_NONNULL = YES;
				CLANG_ANALYZER_NUMBER_OBJECT_CONVERSION = YES_AGGRESSIVE;
				CLANG_CXX_LANGUAGE_STANDARD = "gnu++20";
				CLANG_ENABLE_MODULES = YES;
				CLANG_ENABLE_OBJC_ARC = YES;
				CLANG_ENABLE_OBJC_WEAK = YES;
				CLANG_WARN_BLOCK_CAPTURE_AUTORELEASING = YES;
				CLANG_WARN_BOOL_CONVERSION = YES;
				CLANG_WARN_COMMA = YES;
				CLANG_WARN_CONSTANT_CONVERSION = YES;
				CLANG_WARN_DEPRECATED_OBJC_IMPLEMENTATIONS = YES;
				CLANG_WARN_DIRECT_OBJC_ISA_USAGE = YES_ERROR;
				CLANG_WARN_DOCUMENTATION_COMMENTS = YES;
				CLANG_WARN_EMPTY_BODY = YES;
				CLANG_WARN_ENUM_CONVERSION = YES;
				CLANG_WARN_INFINITE_RECURSION = YES;
				CLANG_WARN_INT_CONVERSION = YES;
				CLANG_WARN_NON_LITERAL_NULL_CONVERSION = YES;
				CLANG_WARN_OBJC_IMPLICIT_RETAIN_SELF = YES;
				CLANG_WARN_OBJC_LITERAL_CONVERSION = YES;
				CLANG_WARN_OBJC_ROOT_CLASS = YES_ERROR;
				CLANG_WARN_QUOTED_INCLUDE_IN_FRAMEWORK_HEADER = YES;
				CLANG_WARN_RANGE_LOOP_ANALYSIS = YES;
				CLANG_WARN_STRICT_PROTOTYPES = YES;
				CLANG_WARN_SUSPICIOUS_MOVE = YES;
				CLANG_WARN_UNGUARDED_AVAILABILITY = YES_AGGRESSIVE;
				CLANG_WARN_UNREACHABLE_CODE = YES;
				CLANG_WARN__DUPLICATE_METHOD_MATCH = YES;
				COPY_PHASE_STRIP = NO;
				DEBUG_INFORMATION_FORMAT = dwarf;
				ENABLE_STRICT_OBJC_MSGSEND = YES;
				ENABLE_TESTABILITY = YES;
				ENABLE_USER_SCRIPT_SANDBOXING = YES;
				GCC_C_LANGUAGE_STANDARD = gnu17;
				GCC_DYNAMIC_NO_PIC = NO;
				GCC_NO_COMMON_BLOCKS = YES;
				GCC_OPTIMIZATION_LEVEL = 0;
				GCC_PREPROCESSOR_DEFINITIONS = (
					"DEBUG=1",
					"$(inherited)",
				);
				GCC_WARN_64_TO_32_BIT_CONVERSION = YES;
				GCC_WARN_ABOUT_RETURN_TYPE = YES_ERROR;
				GCC_WARN_UNDECLARED_SELECTOR = YES;
				GCC_WARN_UNINITIALIZED_AUTOS = YES_AGGRESSIVE;
				GCC_WARN_UNUSED_FUNCTION = YES;
				GCC_WARN_UNUSED_VARIABLE = YES;
				IPHONEOS_DEPLOYMENT_TARGET = 17.2;
				LOCALIZATION_PREFERS_STRING_CATALOGS = YES;
				MTL_ENABLE_DEBUG_INFO = INCLUDE_SOURCE;
				MTL_FAST_MATH = YES;
				ONLY_ACTIVE_ARCH = YES;
				SDKROOT = iphoneos;
				SWIFT_ACTIVE_COMPILATION_CONDITIONS = "DEBUG $(inherited)";
				SWIFT_OPTIMIZATION_LEVEL = "-Onone";
			};
			name = Debug;
		};
		7AC4DE0D2B85A9EC0058E38B /* Release */ = {
			isa = XCBuildConfiguration;
			buildSettings = {
				ALWAYS_SEARCH_USER_PATHS = NO;
				ASSETCATALOG_COMPILER_GENERATE_SWIFT_ASSET_SYMBOL_EXTENSIONS = YES;
				CLANG_ANALYZER_NONNULL = YES;
				CLANG_ANALYZER_NUMBER_OBJECT_CONVERSION = YES_AGGRESSIVE;
				CLANG_CXX_LANGUAGE_STANDARD = "gnu++20";
				CLANG_ENABLE_MODULES = YES;
				CLANG_ENABLE_OBJC_ARC = YES;
				CLANG_ENABLE_OBJC_WEAK = YES;
				CLANG_WARN_BLOCK_CAPTURE_AUTORELEASING = YES;
				CLANG_WARN_BOOL_CONVERSION = YES;
				CLANG_WARN_COMMA = YES;
				CLANG_WARN_CONSTANT_CONVERSION = YES;
				CLANG_WARN_DEPRECATED_OBJC_IMPLEMENTATIONS = YES;
				CLANG_WARN_DIRECT_OBJC_ISA_USAGE = YES_ERROR;
				CLANG_WARN_DOCUMENTATION_COMMENTS = YES;
				CLANG_WARN_EMPTY_BODY = YES;
				CLANG_WARN_ENUM_CONVERSION = YES;
				CLANG_WARN_INFINITE_RECURSION = YES;
				CLANG_WARN_INT_CONVERSION = YES;
				CLANG_WARN_NON_LITERAL_NULL_CONVERSION = YES;
				CLANG_WARN_OBJC_IMPLICIT_RETAIN_SELF = YES;
				CLANG_WARN_OBJC_LITERAL_CONVERSION = YES;
				CLANG_WARN_OBJC_ROOT_CLASS = YES_ERROR;
				CLANG_WARN_QUOTED_INCLUDE_IN_FRAMEWORK_HEADER = YES;
				CLANG_WARN_RANGE_LOOP_ANALYSIS = YES;
				CLANG_WARN_STRICT_PROTOTYPES = YES;
				CLANG_WARN_SUSPICIOUS_MOVE = YES;
				CLANG_WARN_UNGUARDED_AVAILABILITY = YES_AGGRESSIVE;
				CLANG_WARN_UNREACHABLE_CODE = YES;
				CLANG_WARN__DUPLICATE_METHOD_MATCH = YES;
				COPY_PHASE_STRIP = NO;
				DEBUG_INFORMATION_FORMAT = "dwarf-with-dsym";
				ENABLE_NS_ASSERTIONS = NO;
				ENABLE_STRICT_OBJC_MSGSEND = YES;
				ENABLE_USER_SCRIPT_SANDBOXING = YES;
				GCC_C_LANGUAGE_STANDARD = gnu17;
				GCC_NO_COMMON_BLOCKS = YES;
				GCC_WARN_64_TO_32_BIT_CONVERSION = YES;
				GCC_WARN_ABOUT_RETURN_TYPE = YES_ERROR;
				GCC_WARN_UNDECLARED_SELECTOR = YES;
				GCC_WARN_UNINITIALIZED_AUTOS = YES_AGGRESSIVE;
				GCC_WARN_UNUSED_FUNCTION = YES;
				GCC_WARN_UNUSED_VARIABLE = YES;
				IPHONEOS_DEPLOYMENT_TARGET = 17.2;
				LOCALIZATION_PREFERS_STRING_CATALOGS = YES;
				MTL_ENABLE_DEBUG_INFO = NO;
				MTL_FAST_MATH = YES;
				SDKROOT = iphoneos;
				SWIFT_COMPILATION_MODE = wholemodule;
				VALIDATE_PRODUCT = YES;
			};
			name = Release;
		};
		7AC4DE0F2B85A9EC0058E38B /* Debug */ = {
			isa = XCBuildConfiguration;
			buildSettings = {
				ASSETCATALOG_COMPILER_APPICON_NAME = AppIcon;
				ASSETCATALOG_COMPILER_GLOBAL_ACCENT_COLOR_NAME = AccentColor;
				CODE_SIGN_STYLE = Automatic;
				CURRENT_PROJECT_VERSION = 1;
				DEVELOPMENT_TEAM = 497N7524MA;
				GENERATE_INFOPLIST_FILE = YES;
				INFOPLIST_FILE = "Test sentry/Info.plist";
				INFOPLIST_KEY_UIApplicationSupportsIndirectInputEvents = YES;
				INFOPLIST_KEY_UILaunchStoryboardName = LaunchScreen;
				INFOPLIST_KEY_UIMainStoryboardFile = Main;
				INFOPLIST_KEY_UISupportedInterfaceOrientations_iPad = "UIInterfaceOrientationPortrait UIInterfaceOrientationPortraitUpsideDown UIInterfaceOrientationLandscapeLeft UIInterfaceOrientationLandscapeRight";
				INFOPLIST_KEY_UISupportedInterfaceOrientations_iPhone = "UIInterfaceOrientationPortrait UIInterfaceOrientationLandscapeLeft UIInterfaceOrientationLandscapeRight";
				LD_RUNPATH_SEARCH_PATHS = (
					"$(inherited)",
					"@executable_path/Frameworks",
				);
				MARKETING_VERSION = 1.0;
				PRODUCT_BUNDLE_IDENTIFIER = "com.williamsantoso.Test-sentry";
				PRODUCT_NAME = "$(TARGET_NAME)";
				SWIFT_EMIT_LOC_STRINGS = YES;
				SWIFT_VERSION = 5.0;
				TARGETED_DEVICE_FAMILY = "1,2";
			};
			name = Debug;
		};
		7AC4DE102B85A9EC0058E38B /* Release */ = {
			isa = XCBuildConfiguration;
			buildSettings = {
				ASSETCATALOG_COMPILER_APPICON_NAME = AppIcon;
				ASSETCATALOG_COMPILER_GLOBAL_ACCENT_COLOR_NAME = AccentColor;
				CODE_SIGN_STYLE = Automatic;
				CURRENT_PROJECT_VERSION = 1;
				DEVELOPMENT_TEAM = 497N7524MA;
				GENERATE_INFOPLIST_FILE = YES;
				INFOPLIST_FILE = "Test sentry/Info.plist";
				INFOPLIST_KEY_UIApplicationSupportsIndirectInputEvents = YES;
				INFOPLIST_KEY_UILaunchStoryboardName = LaunchScreen;
				INFOPLIST_KEY_UIMainStoryboardFile = Main;
				INFOPLIST_KEY_UISupportedInterfaceOrientations_iPad = "UIInterfaceOrientationPortrait UIInterfaceOrientationPortraitUpsideDown UIInterfaceOrientationLandscapeLeft UIInterfaceOrientationLandscapeRight";
				INFOPLIST_KEY_UISupportedInterfaceOrientations_iPhone = "UIInterfaceOrientationPortrait UIInterfaceOrientationLandscapeLeft UIInterfaceOrientationLandscapeRight";
				LD_RUNPATH_SEARCH_PATHS = (
					"$(inherited)",
					"@executable_path/Frameworks",
				);
				MARKETING_VERSION = 1.0;
				PRODUCT_BUNDLE_IDENTIFIER = "com.williamsantoso.Test-sentry";
				PRODUCT_NAME = "$(TARGET_NAME)";
				SWIFT_EMIT_LOC_STRINGS = YES;
				SWIFT_VERSION = 5.0;
				TARGETED_DEVICE_FAMILY = "1,2";
			};
			name = Release;
		};
		7AC4DE122B85A9EC0058E38B /* Debug */ = {
			isa = XCBuildConfiguration;
			buildSettings = {
				ALWAYS_EMBED_SWIFT_STANDARD_LIBRARIES = YES;
				BUNDLE_LOADER = "$(TEST_HOST)";
				CODE_SIGN_STYLE = Automatic;
				CURRENT_PROJECT_VERSION = 1;
				DEVELOPMENT_TEAM = 497N7524MA;
				GENERATE_INFOPLIST_FILE = YES;
				IPHONEOS_DEPLOYMENT_TARGET = 17.2;
				MARKETING_VERSION = 1.0;
				PRODUCT_BUNDLE_IDENTIFIER = "com.williamsantoso.Test-sentryTests";
				PRODUCT_NAME = "$(TARGET_NAME)";
				SWIFT_EMIT_LOC_STRINGS = NO;
				SWIFT_VERSION = 5.0;
				TARGETED_DEVICE_FAMILY = "1,2";
				TEST_HOST = "$(BUILT_PRODUCTS_DIR)/Test sentry.app/$(BUNDLE_EXECUTABLE_FOLDER_PATH)/Test sentry";
			};
			name = Debug;
		};
		7AC4DE132B85A9EC0058E38B /* Release */ = {
			isa = XCBuildConfiguration;
			buildSettings = {
				ALWAYS_EMBED_SWIFT_STANDARD_LIBRARIES = YES;
				BUNDLE_LOADER = "$(TEST_HOST)";
				CODE_SIGN_STYLE = Automatic;
				CURRENT_PROJECT_VERSION = 1;
				DEVELOPMENT_TEAM = 497N7524MA;
				GENERATE_INFOPLIST_FILE = YES;
				IPHONEOS_DEPLOYMENT_TARGET = 17.2;
				MARKETING_VERSION = 1.0;
				PRODUCT_BUNDLE_IDENTIFIER = "com.williamsantoso.Test-sentryTests";
				PRODUCT_NAME = "$(TARGET_NAME)";
				SWIFT_EMIT_LOC_STRINGS = NO;
				SWIFT_VERSION = 5.0;
				TARGETED_DEVICE_FAMILY = "1,2";
				TEST_HOST = "$(BUILT_PRODUCTS_DIR)/Test sentry.app/$(BUNDLE_EXECUTABLE_FOLDER_PATH)/Test sentry";
			};
			name = Release;
		};
		7AC4DE152B85A9EC0058E38B /* Debug */ = {
			isa = XCBuildConfiguration;
			buildSettings = {
				ALWAYS_EMBED_SWIFT_STANDARD_LIBRARIES = YES;
				CODE_SIGN_STYLE = Automatic;
				CURRENT_PROJECT_VERSION = 1;
				DEVELOPMENT_TEAM = 497N7524MA;
				GENERATE_INFOPLIST_FILE = YES;
				MARKETING_VERSION = 1.0;
				PRODUCT_BUNDLE_IDENTIFIER = "com.williamsantoso.Test-sentryUITests";
				PRODUCT_NAME = "$(TARGET_NAME)";
				SWIFT_EMIT_LOC_STRINGS = NO;
				SWIFT_VERSION = 5.0;
				TARGETED_DEVICE_FAMILY = "1,2";
				TEST_TARGET_NAME = "Test sentry";
			};
			name = Debug;
		};
		7AC4DE162B85A9EC0058E38B /* Release */ = {
			isa = XCBuildConfiguration;
			buildSettings = {
				ALWAYS_EMBED_SWIFT_STANDARD_LIBRARIES = YES;
				CODE_SIGN_STYLE = Automatic;
				CURRENT_PROJECT_VERSION = 1;
				DEVELOPMENT_TEAM = 497N7524MA;
				GENERATE_INFOPLIST_FILE = YES;
				MARKETING_VERSION = 1.0;
				PRODUCT_BUNDLE_IDENTIFIER = "com.williamsantoso.Test-sentryUITests";
				PRODUCT_NAME = "$(TARGET_NAME)";
				SWIFT_EMIT_LOC_STRINGS = NO;
				SWIFT_VERSION = 5.0;
				TARGETED_DEVICE_FAMILY = "1,2";
				TEST_TARGET_NAME = "Test sentry";
			};
			name = Release;
		};
/* End XCBuildConfiguration section */

/* Begin XCConfigurationList section */
		7AC4DDDF2B85A9EA0058E38B /* Build configuration list for PBXProject "Test sentry" */ = {
			isa = XCConfigurationList;
			buildConfigurations = (
				7AC4DE0C2B85A9EC0058E38B /* Debug */,
				7AC4DE0D2B85A9EC0058E38B /* Release */,
			);
			defaultConfigurationIsVisible = 0;
			defaultConfigurationName = Release;
		};
		7AC4DE0E2B85A9EC0058E38B /* Build configuration list for PBXNativeTarget "Test sentry" */ = {
			isa = XCConfigurationList;
			buildConfigurations = (
				7AC4DE0F2B85A9EC0058E38B /* Debug */,
				7AC4DE102B85A9EC0058E38B /* Release */,
			);
			defaultConfigurationIsVisible = 0;
			defaultConfigurationName = Release;
		};
		7AC4DE112B85A9EC0058E38B /* Build configuration list for PBXNativeTarget "Test sentryTests" */ = {
			isa = XCConfigurationList;
			buildConfigurations = (
				7AC4DE122B85A9EC0058E38B /* Debug */,
				7AC4DE132B85A9EC0058E38B /* Release */,
			);
			defaultConfigurationIsVisible = 0;
			defaultConfigurationName = Release;
		};
		7AC4DE142B85A9EC0058E38B /* Build configuration list for PBXNativeTarget "Test sentryUITests" */ = {
			isa = XCConfigurationList;
			buildConfigurations = (
				7AC4DE152B85A9EC0058E38B /* Debug */,
				7AC4DE162B85A9EC0058E38B /* Release */,
			);
			defaultConfigurationIsVisible = 0;
			defaultConfigurationName = Release;
		};
/* End XCConfigurationList section */
	};
	rootObject = 7AC4DDDC2B85A9EA0058E38B /* Project object */;
}
